
Microsoft Visual Studio Solution File, Format Version 12.00
# Visual Studio Version 16
VisualStudioVersion = 16.0.29324.140
MinimumVisualStudioVersion = 10.0.40219.1
Project("{FAE04EC0-301F-11D3-BF4B-00C04F79EFBC}") = "Bfh.Wba.AspNetCore.Web", "Bfh.Wba.AspNetCore.Web\Bfh.Wba.AspNetCore.Web.csproj", "{2F9CFDCB-19E5-48DA-BD96-A0721D0B97E3}"
EndProject
Project("{FAE04EC0-301F-11D3-BF4B-00C04F79EFBC}") = "Bfh.Wba.AspNetCore.Services", "Bfh.Wba.AspNetCore.Services\Bfh.Wba.AspNetCore.Services.csproj", "{4A575714-C3FF-4399-9A2B-9B843A16900C}"
EndProject
Global
	GlobalSection(SolutionConfigurationPlatforms) = preSolution
		Debug|Any CPU = Debug|Any CPU
		Release|Any CPU = Release|Any CPU
	EndGlobalSection
	GlobalSection(ProjectConfigurationPlatforms) = postSolution
		{2F9CFDCB-19E5-48DA-BD96-A0721D0B97E3}.Debug|Any CPU.ActiveCfg = Debug|Any CPU
		{2F9CFDCB-19E5-48DA-BD96-A0721D0B97E3}.Debug|Any CPU.Build.0 = Debug|Any CPU
		{2F9CFDCB-19E5-48DA-BD96-A0721D0B97E3}.Release|Any CPU.ActiveCfg = Release|Any CPU
		{2F9CFDCB-19E5-48DA-BD96-A0721D0B97E3}.Release|Any CPU.Build.0 = Release|Any CPU
		{4A575714-C3FF-4399-9A2B-9B843A16900C}.Debug|Any CPU.ActiveCfg = Debug|Any CPU
		{4A575714-C3FF-4399-9A2B-9B843A16900C}.Debug|Any CPU.Build.0 = Debug|Any CPU
		{4A575714-C3FF-4399-9A2B-9B843A16900C}.Release|Any CPU.ActiveCfg = Release|Any CPU
		{4A575714-C3FF-4399-9A2B-9B843A16900C}.Release|Any CPU.Build.0 = Release|Any CPU
	EndGlobalSection
	GlobalSection(SolutionProperties) = preSolution
		HideSolutionNode = FALSE
	EndGlobalSection
	GlobalSection(ExtensibilityGlobals) = postSolution
		SolutionGuid = {9EF80695-461F-4C28-ABA0-9C7B1DE8143B}
	EndGlobalSection
EndGlobal
